
Microsoft Visual Studio Solution File, Format Version 12.00
# Visual Studio Version 17
VisualStudioVersion = 17.2.32526.322
MinimumVisualStudioVersion = 10.0.40219.1
Project("{FAE04EC0-301F-11D3-BF4B-00C04F79EFBC}") = "Api", "Api\Api.csproj", "{DA41360A-DF96-4DCC-A55D-9AA08CA4B53A}"
EndProject
Global
	GlobalSection(SolutionConfigurationPlatforms) = preSolution
		Debug|Any CPU = Debug|Any CPU
		Release|Any CPU = Release|Any CPU
	EndGlobalSection
	GlobalSection(ProjectConfigurationPlatforms) = postSolution
		{DA41360A-DF96-4DCC-A55D-9AA08CA4B53A}.Debug|Any CPU.ActiveCfg = Debug|Any CPU
		{DA41360A-DF96-4DCC-A55D-9AA08CA4B53A}.Debug|Any CPU.Build.0 = Debug|Any CPU
		{DA41360A-DF96-4DCC-A55D-9AA08CA4B53A}.Release|Any CPU.ActiveCfg = Release|Any CPU
		{DA41360A-DF96-4DCC-A55D-9AA08CA4B53A}.Release|Any CPU.Build.0 = Release|Any CPU
	EndGlobalSection
	GlobalSection(SolutionProperties) = preSolution
		HideSolutionNode = FALSE
	EndGlobalSection
	GlobalSection(ExtensibilityGlobals) = postSolution
		SolutionGuid = {91641576-3A27-48D2-B269-0D6BF4DB750D}
	EndGlobalSection
EndGlobal
